
Microsoft Visual Studio Solution File, Format Version 12.00
# Visual Studio Version 17
VisualStudioVersion = 17.11.35431.28
MinimumVisualStudioVersion = 10.0.40219.1
Project("{FAE04EC0-301F-11D3-BF4B-00C04F79EFBC}") = "LibraryManagementSystem", "LibraryManagementSystem.csproj", "{10D84911-23F4-4326-9775-E524B04C3AE2}"
EndProject
Global
	GlobalSection(SolutionConfigurationPlatforms) = preSolution
		Debug|Any CPU = Debug|Any CPU
		Release|Any CPU = Release|Any CPU
	EndGlobalSection
	GlobalSection(ProjectConfigurationPlatforms) = postSolution
		{10D84911-23F4-4326-9775-E524B04C3AE2}.Debug|Any CPU.ActiveCfg = Debug|Any CPU
		{10D84911-23F4-4326-9775-E524B04C3AE2}.Debug|Any CPU.Build.0 = Debug|Any CPU
		{10D84911-23F4-4326-9775-E524B04C3AE2}.Release|Any CPU.ActiveCfg = Release|Any CPU
		{10D84911-23F4-4326-9775-E524B04C3AE2}.Release|Any CPU.Build.0 = Release|Any CPU
	EndGlobalSection
	GlobalSection(SolutionProperties) = preSolution
		HideSolutionNode = FALSE
	EndGlobalSection
	GlobalSection(ExtensibilityGlobals) = postSolution
		SolutionGuid = {F2632FA7-C6C0-4238-86D8-63B79D2F4072}
	EndGlobalSection
EndGlobal
